// !$*UTF8*$!
{
	archiveVersion = 1;
	classes = {
	};
	objectVersion = 55;
	objects = {

/* Begin PBXBuildFile section */
		A0294BDE288AB1B000F84CF0 /* MatchedGeometryEffectApp.swift in Sources */ = {isa = PBXBuildFile; fileRef = A0294BDD288AB1B000F84CF0 /* MatchedGeometryEffectApp.swift */; };
		A0294BE0288AB1B000F84CF0 /* ContentView.swift in Sources */ = {isa = PBXBuildFile; fileRef = A0294BDF288AB1B000F84CF0 /* ContentView.swift */; };
		A0294BE2288AB1B000F84CF0 /* Assets.xcassets in Resources */ = {isa = PBXBuildFile; fileRef = A0294BE1288AB1B000F84CF0 /* Assets.xcassets */; };
		A0294BE5288AB1B000F84CF0 /* Preview Assets.xcassets in Resources */ = {isa = PBXBuildFile; fileRef = A0294BE4288AB1B000F84CF0 /* Preview Assets.xcassets */; };
		A05A1BFD288AC53800C76E87 /* ProfileImageView.swift in Sources */ = {isa = PBXBuildFile; fileRef = A05A1BFC288AC53800C76E87 /* ProfileImageView.swift */; };
		A05A1BFF288AC54600C76E87 /* PostList.swift in Sources */ = {isa = PBXBuildFile; fileRef = A05A1BFE288AC54600C76E87 /* PostList.swift */; };
		A05A1C01288AC55600C76E87 /* HeaderView.swift in Sources */ = {isa = PBXBuildFile; fileRef = A05A1C00288AC55600C76E87 /* HeaderView.swift */; };
		A05A1C03288AC56E00C76E87 /* ExtendedHeaderView.swift in Sources */ = {isa = PBXBuildFile; fileRef = A05A1C02288AC56E00C76E87 /* ExtendedHeaderView.swift */; };
		A05A1C05288AC57D00C76E87 /* CollapsedHeaderView.swift in Sources */ = {isa = PBXBuildFile; fileRef = A05A1C04288AC57D00C76E87 /* CollapsedHeaderView.swift */; };
		A05A1C09288AC67F00C76E87 /* NameLabel.swift in Sources */ = {isa = PBXBuildFile; fileRef = A05A1C08288AC67F00C76E87 /* NameLabel.swift */; };
		A05A1C0B288AC6A300C76E87 /* SubtitleLabel.swift in Sources */ = {isa = PBXBuildFile; fileRef = A05A1C0A288AC6A300C76E87 /* SubtitleLabel.swift */; };
		A05A1C0F288ACB5300C76E87 /* PostRow.swift in Sources */ = {isa = PBXBuildFile; fileRef = A05A1C0E288ACB5300C76E87 /* PostRow.swift */; };
		A0711D8C288B4BFA00DE01F2 /* Developer.swift in Sources */ = {isa = PBXBuildFile; fileRef = A0711D8B288B4BFA00DE01F2 /* Developer.swift */; };
/* End PBXBuildFile section */

/* Begin PBXFileReference section */
		A0294BDA288AB1B000F84CF0 /* MatchedGeometryEffect.app */ = {isa = PBXFileReference; explicitFileType = wrapper.application; includeInIndex = 0; path = MatchedGeometryEffect.app; sourceTree = BUILT_PRODUCTS_DIR; };
		A0294BDD288AB1B000F84CF0 /* MatchedGeometryEffectApp.swift */ = {isa = PBXFileReference; lastKnownFileType = sourcecode.swift; path = MatchedGeometryEffectApp.swift; sourceTree = "<group>"; };
		A0294BDF288AB1B000F84CF0 /* ContentView.swift */ = {isa = PBXFileReference; lastKnownFileType = sourcecode.swift; path = ContentView.swift; sourceTree = "<group>"; };
		A0294BE1288AB1B000F84CF0 /* Assets.xcassets */ = {isa = PBXFileReference; lastKnownFileType = folder.assetcatalog; path = Assets.xcassets; sourceTree = "<group>"; };
		A0294BE4288AB1B000F84CF0 /* Preview Assets.xcassets */ = {isa = PBXFileReference; lastKnownFileType = folder.assetcatalog; path = "Preview Assets.xcassets"; sourceTree = "<group>"; };
		A05A1BFC288AC53800C76E87 /* ProfileImageView.swift */ = {isa = PBXFileReference; lastKnownFileType = sourcecode.swift; path = ProfileImageView.swift; sourceTree = "<group>"; };
		A05A1BFE288AC54600C76E87 /* PostList.swift */ = {isa = PBXFileReference; lastKnownFileType = sourcecode.swift; path = PostList.swift; sourceTree = "<group>"; };
		A05A1C00288AC55600C76E87 /* HeaderView.swift */ = {isa = PBXFileReference; lastKnownFileType = sourcecode.swift; path = HeaderView.swift; sourceTree = "<group>"; };
		A05A1C02288AC56E00C76E87 /* ExtendedHeaderView.swift */ = {isa = PBXFileReference; lastKnownFileType = sourcecode.swift; path = ExtendedHeaderView.swift; sourceTree = "<group>"; };
		A05A1C04288AC57D00C76E87 /* CollapsedHeaderView.swift */ = {isa = PBXFileReference; lastKnownFileType = sourcecode.swift; path = CollapsedHeaderView.swift; sourceTree = "<group>"; };
		A05A1C08288AC67F00C76E87 /* NameLabel.swift */ = {isa = PBXFileReference; lastKnownFileType = sourcecode.swift; path = NameLabel.swift; sourceTree = "<group>"; };
		A05A1C0A288AC6A300C76E87 /* SubtitleLabel.swift */ = {isa = PBXFileReference; lastKnownFileType = sourcecode.swift; path = SubtitleLabel.swift; sourceTree = "<group>"; };
		A05A1C0E288ACB5300C76E87 /* PostRow.swift */ = {isa = PBXFileReference; lastKnownFileType = sourcecode.swift; path = PostRow.swift; sourceTree = "<group>"; };
		A0711D8B288B4BFA00DE01F2 /* Developer.swift */ = {isa = PBXFileReference; lastKnownFileType = sourcecode.swift; path = Developer.swift; sourceTree = "<group>"; };
/* End PBXFileReference section */

/* Begin PBXFrameworksBuildPhase section */
		A0294BD7288AB1B000F84CF0 /* Frameworks */ = {
			isa = PBXFrameworksBuildPhase;
			buildActionMask = 2147483647;
			files = (
			);
			runOnlyForDeploymentPostprocessing = 0;
		};
/* End PBXFrameworksBuildPhase section */

/* Begin PBXGroup section */
		A0294BD1288AB1B000F84CF0 = {
			isa = PBXGroup;
			children = (
				A0294BDC288AB1B000F84CF0 /* MatchedGeometryEffect */,
				A0294BDB288AB1B000F84CF0 /* Products */,
			);
			sourceTree = "<group>";
		};
		A0294BDB288AB1B000F84CF0 /* Products */ = {
			isa = PBXGroup;
			children = (
				A0294BDA288AB1B000F84CF0 /* MatchedGeometryEffect.app */,
			);
			name = Products;
			sourceTree = "<group>";
		};
		A0294BDC288AB1B000F84CF0 /* MatchedGeometryEffect */ = {
			isa = PBXGroup;
			children = (
				A0711D8A288B4BF200DE01F2 /* Constants */,
				A0294BDD288AB1B000F84CF0 /* MatchedGeometryEffectApp.swift */,
				A0294BDF288AB1B000F84CF0 /* ContentView.swift */,
				A05A1C06288AC59700C76E87 /* Header */,
				A05A1C07288AC5A200C76E87 /* Content */,
				A0294BE1288AB1B000F84CF0 /* Assets.xcassets */,
				A0294BE3288AB1B000F84CF0 /* Preview Content */,
			);
			path = MatchedGeometryEffect;
			sourceTree = "<group>";
		};
		A0294BE3288AB1B000F84CF0 /* Preview Content */ = {
			isa = PBXGroup;
			children = (
				A0294BE4288AB1B000F84CF0 /* Preview Assets.xcassets */,
			);
			path = "Preview Content";
			sourceTree = "<group>";
		};
		A05A1C06288AC59700C76E87 /* Header */ = {
			isa = PBXGroup;
			children = (
				A05A1C00288AC55600C76E87 /* HeaderView.swift */,
				A05A1C0D288AC75900C76E87 /* Animation States */,
				A05A1C0C288AC75000C76E87 /* Subviews */,
			);
			path = Header;
			sourceTree = "<group>";
		};
		A05A1C07288AC5A200C76E87 /* Content */ = {
			isa = PBXGroup;
			children = (
				A05A1BFE288AC54600C76E87 /* PostList.swift */,
				A05A1C0E288ACB5300C76E87 /* PostRow.swift */,
			);
			path = Content;
			sourceTree = "<group>";
		};
		A05A1C0C288AC75000C76E87 /* Subviews */ = {
			isa = PBXGroup;
			children = (
				A05A1BFC288AC53800C76E87 /* ProfileImageView.swift */,
				A05A1C08288AC67F00C76E87 /* NameLabel.swift */,
				A05A1C0A288AC6A300C76E87 /* SubtitleLabel.swift */,
			);
			path = Subviews;
			sourceTree = "<group>";
		};
		A05A1C0D288AC75900C76E87 /* Animation States */ = {
			isa = PBXGroup;
			children = (
				A05A1C04288AC57D00C76E87 /* CollapsedHeaderView.swift */,
				A05A1C02288AC56E00C76E87 /* ExtendedHeaderView.swift */,
			);
			path = "Animation States";
			sourceTree = "<group>";
		};
		A0711D8A288B4BF200DE01F2 /* Constants */ = {
			isa = PBXGroup;
			children = (
				A0711D8B288B4BFA00DE01F2 /* Developer.swift */,
			);
			path = Constants;
			sourceTree = "<group>";
		};
/* End PBXGroup section */

/* Begin PBXNativeTarget section */
		A0294BD9288AB1B000F84CF0 /* MatchedGeometryEffect */ = {
			isa = PBXNativeTarget;
			buildConfigurationList = A0294BE8288AB1B000F84CF0 /* Build configuration list for PBXNativeTarget "MatchedGeometryEffect" */;
			buildPhases = (
				A0294BD6288AB1B000F84CF0 /* Sources */,
				A0294BD7288AB1B000F84CF0 /* Frameworks */,
				A0294BD8288AB1B000F84CF0 /* Resources */,
			);
			buildRules = (
			);
			dependencies = (
			);
			name = MatchedGeometryEffect;
			productName = MatchedGeometryEffect;
			productReference = A0294BDA288AB1B000F84CF0 /* MatchedGeometryEffect.app */;
			productType = "com.apple.product-type.application";
		};
/* End PBXNativeTarget section */

/* Begin PBXProject section */
		A0294BD2288AB1B000F84CF0 /* Project object */ = {
			isa = PBXProject;
			attributes = {
				BuildIndependentTargetsInParallel = 1;
				LastSwiftUpdateCheck = 1340;
				LastUpgradeCheck = 1340;
				TargetAttributes = {
					A0294BD9288AB1B000F84CF0 = {
						CreatedOnToolsVersion = 13.4.1;
					};
				};
			};
			buildConfigurationList = A0294BD5288AB1B000F84CF0 /* Build configuration list for PBXProject "MatchedGeometryEffect" */;
			compatibilityVersion = "Xcode 13.0";
			developmentRegion = en;
			hasScannedForEncodings = 0;
			knownRegions = (
				en,
				Base,
			);
			mainGroup = A0294BD1288AB1B000F84CF0;
			productRefGroup = A0294BDB288AB1B000F84CF0 /* Products */;
			projectDirPath = "";
			projectRoot = "";
			targets = (
				A0294BD9288AB1B000F84CF0 /* MatchedGeometryEffect */,
			);
		};
/* End PBXProject section */

/* Begin PBXResourcesBuildPhase section */
		A0294BD8288AB1B000F84CF0 /* Resources */ = {
			isa = PBXResourcesBuildPhase;
			buildActionMask = 2147483647;
			files = (
				A0294BE5288AB1B000F84CF0 /* Preview Assets.xcassets in Resources */,
				A0294BE2288AB1B000F84CF0 /* Assets.xcassets in Resources */,
			);
			runOnlyForDeploymentPostprocessing = 0;
		};
/* End PBXResourcesBuildPhase section */

/* Begin PBXSourcesBuildPhase section */
		A0294BD6288AB1B000F84CF0 /* Sources */ = {
			isa = PBXSourcesBuildPhase;
			buildActionMask = 2147483647;
			files = (
				A05A1C03288AC56E00C76E87 /* ExtendedHeaderView.swift in Sources */,
				A05A1C0B288AC6A300C76E87 /* SubtitleLabel.swift in Sources */,
				A05A1C0F288ACB5300C76E87 /* PostRow.swift in Sources */,
				A05A1C01288AC55600C76E87 /* HeaderView.swift in Sources */,
				A05A1BFD288AC53800C76E87 /* ProfileImageView.swift in Sources */,
				A05A1C09288AC67F00C76E87 /* NameLabel.swift in Sources */,
				A05A1BFF288AC54600C76E87 /* PostList.swift in Sources */,
				A0294BE0288AB1B000F84CF0 /* ContentView.swift in Sources */,
				A05A1C05288AC57D00C76E87 /* CollapsedHeaderView.swift in Sources */,
				A0711D8C288B4BFA00DE01F2 /* Developer.swift in Sources */,
				A0294BDE288AB1B000F84CF0 /* MatchedGeometryEffectApp.swift in Sources */,
			);
			runOnlyForDeploymentPostprocessing = 0;
		};
/* End PBXSourcesBuildPhase section */

/* Begin XCBuildConfiguration section */
		A0294BE6288AB1B000F84CF0 /* Debug */ = {
			isa = XCBuildConfiguration;
			buildSettings = {
				ALWAYS_SEARCH_USER_PATHS = NO;
				CLANG_ANALYZER_NONNULL = YES;
				CLANG_ANALYZER_NUMBER_OBJECT_CONVERSION = YES_AGGRESSIVE;
				CLANG_CXX_LANGUAGE_STANDARD = "gnu++17";
				CLANG_ENABLE_MODULES = YES;
				CLANG_ENABLE_OBJC_ARC = YES;
				CLANG_ENABLE_OBJC_WEAK = YES;
				CLANG_WARN_BLOCK_CAPTURE_AUTORELEASING = YES;
				CLANG_WARN_BOOL_CONVERSION = YES;
				CLANG_WARN_COMMA = YES;
				CLANG_WARN_CONSTANT_CONVERSION = YES;
				CLANG_WARN_DEPRECATED_OBJC_IMPLEMENTATIONS = YES;
				CLANG_WARN_DIRECT_OBJC_ISA_USAGE = YES_ERROR;
				CLANG_WARN_DOCUMENTATION_COMMENTS = YES;
				CLANG_WARN_EMPTY_BODY = YES;
				CLANG_WARN_ENUM_CONVERSION = YES;
				CLANG_WARN_INFINITE_RECURSION = YES;
				CLANG_WARN_INT_CONVERSION = YES;
				CLANG_WARN_NON_LITERAL_NULL_CONVERSION = YES;
				CLANG_WARN_OBJC_IMPLICIT_RETAIN_SELF = YES;
				CLANG_WARN_OBJC_LITERAL_CONVERSION = YES;
				CLANG_WARN_OBJC_ROOT_CLASS = YES_ERROR;
				CLANG_WARN_QUOTED_INCLUDE_IN_FRAMEWORK_HEADER = YES;
				CLANG_WARN_RANGE_LOOP_ANALYSIS = YES;
				CLANG_WARN_STRICT_PROTOTYPES = YES;
				CLANG_WARN_SUSPICIOUS_MOVE = YES;
				CLANG_WARN_UNGUARDED_AVAILABILITY = YES_AGGRESSIVE;
				CLANG_WARN_UNREACHABLE_CODE = YES;
				CLANG_WARN__DUPLICATE_METHOD_MATCH = YES;
				COPY_PHASE_STRIP = NO;
				DEBUG_INFORMATION_FORMAT = dwarf;
				ENABLE_STRICT_OBJC_MSGSEND = YES;
				ENABLE_TESTABILITY = YES;
				GCC_C_LANGUAGE_STANDARD = gnu11;
				GCC_DYNAMIC_NO_PIC = NO;
				GCC_NO_COMMON_BLOCKS = YES;
				GCC_OPTIMIZATION_LEVEL = 0;
				GCC_PREPROCESSOR_DEFINITIONS = (
					"DEBUG=1",
					"$(inherited)",
				);
				GCC_WARN_64_TO_32_BIT_CONVERSION = YES;
				GCC_WARN_ABOUT_RETURN_TYPE = YES_ERROR;
				GCC_WARN_UNDECLARED_SELECTOR = YES;
				GCC_WARN_UNINITIALIZED_AUTOS = YES_AGGRESSIVE;
				GCC_WARN_UNUSED_FUNCTION = YES;
				GCC_WARN_UNUSED_VARIABLE = YES;
				IPHONEOS_DEPLOYMENT_TARGET = 15.5;
				MTL_ENABLE_DEBUG_INFO = INCLUDE_SOURCE;
				MTL_FAST_MATH = YES;
				ONLY_ACTIVE_ARCH = YES;
				SDKROOT = iphoneos;
				SWIFT_ACTIVE_COMPILATION_CONDITIONS = DEBUG;
				SWIFT_OPTIMIZATION_LEVEL = "-Onone";
			};
			name = Debug;
		};
		A0294BE7288AB1B000F84CF0 /* Release */ = {
			isa = XCBuildConfiguration;
			buildSettings = {
				ALWAYS_SEARCH_USER_PATHS = NO;
				CLANG_ANALYZER_NONNULL = YES;
				CLANG_ANALYZER_NUMBER_OBJECT_CONVERSION = YES_AGGRESSIVE;
				CLANG_CXX_LANGUAGE_STANDARD = "gnu++17";
				CLANG_ENABLE_MODULES = YES;
				CLANG_ENABLE_OBJC_ARC = YES;
				CLANG_ENABLE_OBJC_WEAK = YES;
				CLANG_WARN_BLOCK_CAPTURE_AUTORELEASING = YES;
				CLANG_WARN_BOOL_CONVERSION = YES;
				CLANG_WARN_COMMA = YES;
				CLANG_WARN_CONSTANT_CONVERSION = YES;
				CLANG_WARN_DEPRECATED_OBJC_IMPLEMENTATIONS = YES;
				CLANG_WARN_DIRECT_OBJC_ISA_USAGE = YES_ERROR;
				CLANG_WARN_DOCUMENTATION_COMMENTS = YES;
				CLANG_WARN_EMPTY_BODY = YES;
				CLANG_WARN_ENUM_CONVERSION = YES;
				CLANG_WARN_INFINITE_RECURSION = YES;
				CLANG_WARN_INT_CONVERSION = YES;
				CLANG_WARN_NON_LITERAL_NULL_CONVERSION = YES;
				CLANG_WARN_OBJC_IMPLICIT_RETAIN_SELF = YES;
				CLANG_WARN_OBJC_LITERAL_CONVERSION = YES;
				CLANG_WARN_OBJC_ROOT_CLASS = YES_ERROR;
				CLANG_WARN_QUOTED_INCLUDE_IN_FRAMEWORK_HEADER = YES;
				CLANG_WARN_RANGE_LOOP_ANALYSIS = YES;
				CLANG_WARN_STRICT_PROTOTYPES = YES;
				CLANG_WARN_SUSPICIOUS_MOVE = YES;
				CLANG_WARN_UNGUARDED_AVAILABILITY = YES_AGGRESSIVE;
				CLANG_WARN_UNREACHABLE_CODE = YES;
				CLANG_WARN__DUPLICATE_METHOD_MATCH = YES;
				COPY_PHASE_STRIP = NO;
				DEBUG_INFORMATION_FORMAT = "dwarf-with-dsym";
				ENABLE_NS_ASSERTIONS = NO;
				ENABLE_STRICT_OBJC_MSGSEND = YES;
				GCC_C_LANGUAGE_STANDARD = gnu11;
				GCC_NO_COMMON_BLOCKS = YES;
				GCC_WARN_64_TO_32_BIT_CONVERSION = YES;
				GCC_WARN_ABOUT_RETURN_TYPE = YES_ERROR;
				GCC_WARN_UNDECLARED_SELECTOR = YES;
				GCC_WARN_UNINITIALIZED_AUTOS = YES_AGGRESSIVE;
				GCC_WARN_UNUSED_FUNCTION = YES;
				GCC_WARN_UNUSED_VARIABLE = YES;
				IPHONEOS_DEPLOYMENT_TARGET = 15.5;
				MTL_ENABLE_DEBUG_INFO = NO;
				MTL_FAST_MATH = YES;
				SDKROOT = iphoneos;
				SWIFT_COMPILATION_MODE = wholemodule;
				SWIFT_OPTIMIZATION_LEVEL = "-O";
				VALIDATE_PRODUCT = YES;
			};
			name = Release;
		};
		A0294BE9288AB1B000F84CF0 /* Debug */ = {
			isa = XCBuildConfiguration;
			buildSettings = {
				ASSETCATALOG_COMPILER_APPICON_NAME = AppIcon;
				ASSETCATALOG_COMPILER_GLOBAL_ACCENT_COLOR_NAME = AccentColor;
				CODE_SIGN_STYLE = Automatic;
				CURRENT_PROJECT_VERSION = 1;
				DEVELOPMENT_ASSET_PATHS = "\"MatchedGeometryEffect/Preview Content\"";
				DEVELOPMENT_TEAM = 7QX4YC42U8;
				ENABLE_PREVIEWS = YES;
				GENERATE_INFOPLIST_FILE = YES;
				INFOPLIST_KEY_UIApplicationSceneManifest_Generation = YES;
				INFOPLIST_KEY_UIApplicationSupportsIndirectInputEvents = YES;
				INFOPLIST_KEY_UILaunchScreen_Generation = YES;
				INFOPLIST_KEY_UISupportedInterfaceOrientations_iPad = "UIInterfaceOrientationPortrait UIInterfaceOrientationPortraitUpsideDown UIInterfaceOrientationLandscapeLeft UIInterfaceOrientationLandscapeRight";
				INFOPLIST_KEY_UISupportedInterfaceOrientations_iPhone = "UIInterfaceOrientationPortrait UIInterfaceOrientationLandscapeLeft UIInterfaceOrientationLandscapeRight";
				LD_RUNPATH_SEARCH_PATHS = (
					"$(inherited)",
					"@executable_path/Frameworks",
				);
				MARKETING_VERSION = 1.0;
				PRODUCT_BUNDLE_IDENTIFIER = com.fitotoledano.MatchedGeometryEffect;
				PRODUCT_NAME = "$(TARGET_NAME)";
				SWIFT_EMIT_LOC_STRINGS = YES;
				SWIFT_VERSION = 5.0;
				TARGETED_DEVICE_FAMILY = "1,2";
			};
			name = Debug;
		};
		A0294BEA288AB1B000F84CF0 /* Release */ = {
			isa = XCBuildConfiguration;
			buildSettings = {
				ASSETCATALOG_COMPILER_APPICON_NAME = AppIcon;
				ASSETCATALOG_COMPILER_GLOBAL_ACCENT_COLOR_NAME = AccentColor;
				CODE_SIGN_STYLE = Automatic;
				CURRENT_PROJECT_VERSION = 1;
				DEVELOPMENT_ASSET_PATHS = "\"MatchedGeometryEffect/Preview Content\"";
				DEVELOPMENT_TEAM = 7QX4YC42U8;
				ENABLE_PREVIEWS = YES;
				GENERATE_INFOPLIST_FILE = YES;
				INFOPLIST_KEY_UIApplicationSceneManifest_Generation = YES;
				INFOPLIST_KEY_UIApplicationSupportsIndirectInputEvents = YES;
				INFOPLIST_KEY_UILaunchScreen_Generation = YES;
				INFOPLIST_KEY_UISupportedInterfaceOrientations_iPad = "UIInterfaceOrientationPortrait UIInterfaceOrientationPortraitUpsideDown UIInterfaceOrientationLandscapeLeft UIInterfaceOrientationLandscapeRight";
				INFOPLIST_KEY_UISupportedInterfaceOrientations_iPhone = "UIInterfaceOrientationPortrait UIInterfaceOrientationLandscapeLeft UIInterfaceOrientationLandscapeRight";
				LD_RUNPATH_SEARCH_PATHS = (
					"$(inherited)",
					"@executable_path/Frameworks",
				);
				MARKETING_VERSION = 1.0;
				PRODUCT_BUNDLE_IDENTIFIER = com.fitotoledano.MatchedGeometryEffect;
				PRODUCT_NAME = "$(TARGET_NAME)";
				SWIFT_EMIT_LOC_STRINGS = YES;
				SWIFT_VERSION = 5.0;
				TARGETED_DEVICE_FAMILY = "1,2";
			};
			name = Release;
		};
/* End XCBuildConfiguration section */

/* Begin XCConfigurationList section */
		A0294BD5288AB1B000F84CF0 /* Build configuration list for PBXProject "MatchedGeometryEffect" */ = {
			isa = XCConfigurationList;
			buildConfigurations = (
				A0294BE6288AB1B000F84CF0 /* Debug */,
				A0294BE7288AB1B000F84CF0 /* Release */,
			);
			defaultConfigurationIsVisible = 0;
			defaultConfigurationName = Release;
		};
		A0294BE8288AB1B000F84CF0 /* Build configuration list for PBXNativeTarget "MatchedGeometryEffect" */ = {
			isa = XCConfigurationList;
			buildConfigurations = (
				A0294BE9288AB1B000F84CF0 /* Debug */,
				A0294BEA288AB1B000F84CF0 /* Release */,
			);
			defaultConfigurationIsVisible = 0;
			defaultConfigurationName = Release;
		};
/* End XCConfigurationList section */
	};
	rootObject = A0294BD2288AB1B000F84CF0 /* Project object */;
}
